
Microsoft Visual Studio Solution File, Format Version 12.00
# Visual Studio Version 16
VisualStudioVersion = 16.0.30907.101
MinimumVisualStudioVersion = 10.0.40219.1
Project("{FAE04EC0-301F-11D3-BF4B-00C04F79EFBC}") = "WindowsFormsApp5", "WindowsFormsApp5\WindowsFormsApp5.csproj", "{70EFB9B3-851A-4A7F-873D-7D52D1ECB1AA}"
EndProject
Global
	GlobalSection(SolutionConfigurationPlatforms) = preSolution
		Debug|Any CPU = Debug|Any CPU
		Release|Any CPU = Release|Any CPU
	EndGlobalSection
	GlobalSection(ProjectConfigurationPlatforms) = postSolution
		{70EFB9B3-851A-4A7F-873D-7D52D1ECB1AA}.Debug|Any CPU.ActiveCfg = Debug|Any CPU
		{70EFB9B3-851A-4A7F-873D-7D52D1ECB1AA}.Debug|Any CPU.Build.0 = Debug|Any CPU
		{70EFB9B3-851A-4A7F-873D-7D52D1ECB1AA}.Release|Any CPU.ActiveCfg = Release|Any CPU
		{70EFB9B3-851A-4A7F-873D-7D52D1ECB1AA}.Release|Any CPU.Build.0 = Release|Any CPU
	EndGlobalSection
	GlobalSection(SolutionProperties) = preSolution
		HideSolutionNode = FALSE
	EndGlobalSection
	GlobalSection(ExtensibilityGlobals) = postSolution
		SolutionGuid = {66C85961-BF60-42C3-BE7C-E4F87E9B95D9}
	EndGlobalSection
EndGlobal
